
Microsoft Visual Studio Solution File, Format Version 12.00
# Visual Studio 15
VisualStudioVersion = 15.0.27703.2026
MinimumVisualStudioVersion = 10.0.40219.1
Project("{8BC9CEB8-8B4A-11D0-8D11-00A0C91BC942}") = "alpha3", "alpha3.vcxproj", "{FE35432E-B649-4EFA-ACF2-C7C075C27EFA}"
EndProject
Global
	GlobalSection(SolutionConfigurationPlatforms) = preSolution
		Debug|x64 = Debug|x64
		Debug|x86 = Debug|x86
		Release|x64 = Release|x64
		Release|x86 = Release|x86
	EndGlobalSection
	GlobalSection(ProjectConfigurationPlatforms) = postSolution
		{FE35432E-B649-4EFA-ACF2-C7C075C27EFA}.Debug|x64.ActiveCfg = Debug|x64
		{FE35432E-B649-4EFA-ACF2-C7C075C27EFA}.Debug|x64.Build.0 = Debug|x64
		{FE35432E-B649-4EFA-ACF2-C7C075C27EFA}.Debug|x86.ActiveCfg = Debug|Win32
		{FE35432E-B649-4EFA-ACF2-C7C075C27EFA}.Debug|x86.Build.0 = Debug|Win32
		{FE35432E-B649-4EFA-ACF2-C7C075C27EFA}.Release|x64.ActiveCfg = Release|x64
		{FE35432E-B649-4EFA-ACF2-C7C075C27EFA}.Release|x64.Build.0 = Release|x64
		{FE35432E-B649-4EFA-ACF2-C7C075C27EFA}.Release|x86.ActiveCfg = Release|Win32
		{FE35432E-B649-4EFA-ACF2-C7C075C27EFA}.Release|x86.Build.0 = Release|Win32
	EndGlobalSection
	GlobalSection(SolutionProperties) = preSolution
		HideSolutionNode = FALSE
	EndGlobalSection
	GlobalSection(ExtensibilityGlobals) = postSolution
		SolutionGuid = {9B4A8BE0-95E9-4B0E-AE16-7B14CE07C026}
	EndGlobalSection
EndGlobal
